[[package]]
category = "main"
description = "Universal encoding detector for Python 2 and 3"
name = "chardet"
optional = false
python-versions = "*"
version = "3.0.4"

[[package]]
category = "main"
description = "DateTimeRange is a Python library to handle a time range. e.g. check whether a time is within the time range, get the intersection of time ranges, truncating a time range, iterate through a time range, and so forth."
name = "datetimerange"
optional = false
python-versions = ">=3.5"
version = "1.0.0"

[package.dependencies]
python-dateutil = ">=2.4.2,<3"
setuptools = ">=38.3.0"

[package.dependencies.typepy]
extras = ["datetime"]
version = ">=1.0.0,<2"

[package.extras]
test = ["pytest", "pytz"]

[[package]]
category = "main"
description = "multi-byte character string decoder"
name = "mbstrdecoder"
optional = false
python-versions = ">=3.5"
version = "1.0.0"

[package.dependencies]
chardet = ">=3.0.4,<4"

[package.extras]
test = ["Faker (>=1.0.2)", "pytest"]

[[package]]
category = "main"
description = "Extensions to the standard Python datetime module"
name = "python-dateutil"
optional = false
python-versions = "!=3.0.*,!=3.1.*,!=3.2.*,>=2.7"
version = "2.8.1"

[package.dependencies]
six = ">=1.5"

[[package]]
category = "main"
description = "World timezone definitions, modern and historical"
name = "pytz"
optional = false
python-versions = "*"
version = "2020.1"

[[package]]
category = "main"
description = "Python 2 and 3 compatibility utilities"
name = "six"
optional = false
python-versions = ">=2.7, !=3.0.*, !=3.1.*, !=3.2.*"
version = "1.15.0"

[[package]]
category = "main"
description = "Fast, Extensible Progress Meter"
name = "tqdm"
optional = false
python-versions = ">=2.6, !=3.0.*, !=3.1.*"
version = "4.49.0"

[package.extras]
dev = ["py-make (>=0.1.0)", "twine", "argopt", "pydoc-markdown"]

[[package]]
category = "main"
description = "typepy is a Python library for variable type checker/validator/converter at a run time."
name = "typepy"
optional = false
python-versions = ">=3.5"
version = "1.1.1"

[package.dependencies]
mbstrdecoder = ">=1.0.0,<2"
setuptools = ">=38.3.0"

[package.dependencies.python-dateutil]
optional = true
version = ">=2.8.0,<3.0.0"

[package.dependencies.pytz]
optional = true
version = ">=2018.9"

[package.extras]
datetime = ["python-dateutil (>=2.8.0,<3.0.0)", "pytz (>=2018.9)"]
test = ["pytest", "termcolor", "python-dateutil (>=2.8.0,<3.0.0)", "pytz (>=2018.9)"]

[metadata]
content-hash = "7ebe3b10f79029af5376a0d27658f4a1bad58566cfbe5904f2458a02ad52b4c4"
python-versions = "^3.8"

[metadata.files]
chardet = [
    {file = "chardet-3.0.4-py2.py3-none-any.whl", hash = "sha256:fc323ffcaeaed0e0a02bf4d117757b98aed530d9ed4531e3e15460124c106691"},
    {file = "chardet-3.0.4.tar.gz", hash = "sha256:84ab92ed1c4d4f16916e05906b6b75a6c0fb5db821cc65e70cbd64a3e2a5eaae"},
]
datetimerange = [
    {file = "DateTimeRange-1.0.0-py3-none-any.whl", hash = "sha256:d4f14d8f7ecdfc0b03ee28c081494484aeace0b1e8efea78198cb246fecb0d75"},
    {file = "DateTimeRange-1.0.0.tar.gz", hash = "sha256:8b884202c0aa663e425d0611cc87a9f694d8696e0473d12519c8e08bd394f6be"},
]
mbstrdecoder = [
    {file = "mbstrdecoder-1.0.0-py3-none-any.whl", hash = "sha256:a7cbc188b04937c92129c193a255ec91e8dfd8dd2e7e9bf04b61bc937ac86ad3"},
    {file = "mbstrdecoder-1.0.0.tar.gz", hash = "sha256:9df7778c0c051c98f6b5a848909202e5cd423c9692665b20d1a9bd0f771b8235"},
]
python-dateutil = [
    {file = "python-dateutil-2.8.1.tar.gz", hash = "sha256:73ebfe9dbf22e832286dafa60473e4cd239f8592f699aa5adaf10050e6e1823c"},
    {file = "python_dateutil-2.8.1-py2.py3-none-any.whl", hash = "sha256:75bb3f31ea686f1197762692a9ee6a7550b59fc6ca3a1f4b5d7e32fb98e2da2a"},
]
pytz = [
    {file = "pytz-2020.1-py2.py3-none-any.whl", hash = "sha256:a494d53b6d39c3c6e44c3bec237336e14305e4f29bbf800b599253057fbb79ed"},
    {file = "pytz-2020.1.tar.gz", hash = "sha256:c35965d010ce31b23eeb663ed3cc8c906275d6be1a34393a1d73a41febf4a048"},
]
six = [
    {file = "six-1.15.0-py2.py3-none-any.whl", hash = "sha256:8b74bedcbbbaca38ff6d7491d76f2b06b3592611af620f8426e82dddb04a5ced"},
    {file = "six-1.15.0.tar.gz", hash = "sha256:30639c035cdb23534cd4aa2dd52c3bf48f06e5f4a941509c8bafd8ce11080259"},
]
tqdm = [
    {file = "tqdm-4.49.0-py2.py3-none-any.whl", hash = "sha256:8f3c5815e3b5e20bc40463fa6b42a352178859692a68ffaa469706e6d38342a5"},
    {file = "tqdm-4.49.0.tar.gz", hash = "sha256:faf9c671bd3fad5ebaeee366949d969dca2b2be32c872a7092a1e1a9048d105b"},
]
typepy = [
    {file = "typepy-1.1.1-py3-none-any.whl", hash = "sha256:418e24c44cf5fc260c2e2bbc68a3d0bc8c43f488412663c7ce1f33efa5133323"},
    {file = "typepy-1.1.1.tar.gz", hash = "sha256:a0850559dfd135577c6d565c0268fcad1327cab9c4c295015d4d882aa9a24786"},
]
